
Microsoft Visual Studio Solution File, Format Version 12.00
# Visual Studio Version 16
VisualStudioVersion = 16.0.28917.182
MinimumVisualStudioVersion = 10.0.40219.1
Project("{9A19103F-16F7-4668-BE54-9A1E7A4F7556}") = "SuppaCompiler.Console", "SuppaCompiler.Console\SuppaCompiler.Console.csproj", "{7DAB24D9-9758-4066-96B6-366E185E2A0B}"
EndProject
Project("{9A19103F-16F7-4668-BE54-9A1E7A4F7556}") = "SuppaCompiler", "SuppaCompiler\SuppaCompiler.csproj", "{FCB5828A-0AED-4D5D-AAE5-A5EB187D9D66}"
EndProject
Project("{FAE04EC0-301F-11D3-BF4B-00C04F79EFBC}") = "SuppaCompiler.Tests", "SuppaCompiler.Tests\SuppaCompiler.Tests.csproj", "{244F7919-C918-4A56-AFFB-0D560F123A33}"
EndProject
Global
	GlobalSection(SolutionConfigurationPlatforms) = preSolution
		Debug|Any CPU = Debug|Any CPU
		Release|Any CPU = Release|Any CPU
	EndGlobalSection
	GlobalSection(ProjectConfigurationPlatforms) = postSolution
		{7DAB24D9-9758-4066-96B6-366E185E2A0B}.Debug|Any CPU.ActiveCfg = Debug|Any CPU
		{7DAB24D9-9758-4066-96B6-366E185E2A0B}.Debug|Any CPU.Build.0 = Debug|Any CPU
		{7DAB24D9-9758-4066-96B6-366E185E2A0B}.Release|Any CPU.ActiveCfg = Release|Any CPU
		{7DAB24D9-9758-4066-96B6-366E185E2A0B}.Release|Any CPU.Build.0 = Release|Any CPU
		{FCB5828A-0AED-4D5D-AAE5-A5EB187D9D66}.Debug|Any CPU.ActiveCfg = Debug|Any CPU
		{FCB5828A-0AED-4D5D-AAE5-A5EB187D9D66}.Debug|Any CPU.Build.0 = Debug|Any CPU
		{FCB5828A-0AED-4D5D-AAE5-A5EB187D9D66}.Release|Any CPU.ActiveCfg = Release|Any CPU
		{FCB5828A-0AED-4D5D-AAE5-A5EB187D9D66}.Release|Any CPU.Build.0 = Release|Any CPU
		{244F7919-C918-4A56-AFFB-0D560F123A33}.Debug|Any CPU.ActiveCfg = Debug|Any CPU
		{244F7919-C918-4A56-AFFB-0D560F123A33}.Debug|Any CPU.Build.0 = Debug|Any CPU
		{244F7919-C918-4A56-AFFB-0D560F123A33}.Release|Any CPU.ActiveCfg = Release|Any CPU
		{244F7919-C918-4A56-AFFB-0D560F123A33}.Release|Any CPU.Build.0 = Release|Any CPU
	EndGlobalSection
	GlobalSection(SolutionProperties) = preSolution
		HideSolutionNode = FALSE
	EndGlobalSection
	GlobalSection(ExtensibilityGlobals) = postSolution
		SolutionGuid = {96EB04E3-B915-47BF-A8B7-3911CF9ECC04}
	EndGlobalSection
EndGlobal
